<Solution>
  <Configurations>
    <BuildType Name="Debug" />
    <BuildType Name="EasyTest" />
    <BuildType Name="Release" />
  </Configurations>
  <Project Path="XafGitHubCopilot/XafGitHubCopilot.Blazor.Server/XafGitHubCopilot.Blazor.Server.csproj" />
  <Project Path="XafGitHubCopilot/XafGitHubCopilot.Module/XafGitHubCopilot.Module.csproj" />
  <Project Path="XafGitHubCopilot/XafGitHubCopilot.Win/XafGitHubCopilot.Win.csproj" />
</Solution>
